
Microsoft Visual Studio Solution File, Format Version 12.00
# Visual Studio Version 16
VisualStudioVersion = 16.0.29306.81
MinimumVisualStudioVersion = 10.0.40219.1
Project("{FAE04EC0-301F-11D3-BF4B-00C04F79EFBC}") = "HANGE.Media.UI", "HANGE.UI\HANGE.Media.UI\HANGE.Media.UI.csproj", "{4388D4A4-A9CB-4BAC-B723-9826F473D4D0}"
	ProjectSection(ProjectDependencies) = postProject
		{8C4FE422-FDAA-4D90-BF0A-CA41D8C14666} = {8C4FE422-FDAA-4D90-BF0A-CA41D8C14666}
		{2415B0E1-E1D8-4E88-B19A-B30F5443BE33} = {2415B0E1-E1D8-4E88-B19A-B30F5443BE33}
		{408686E7-0249-4899-85E0-77ACA8F9F07F} = {408686E7-0249-4899-85E0-77ACA8F9F07F}
		{05560DF4-F3B0-4A8F-9C7A-E252F6F9D9AC} = {05560DF4-F3B0-4A8F-9C7A-E252F6F9D9AC}
	EndProjectSection
EndProject
Project("{2150E333-8FDC-42A3-9474-1A3956D46DE8}") = "Dos.Orm", "Dos.Orm", "{5505134F-6BAE-4342-A133-FB89F5990338}"
EndProject
Project("{9A19103F-16F7-4668-BE54-9A1E7A4F7556}") = "Dos.ORM", "Dos.ORM-master\Dos.ORM.Standard\Dos.ORM\Dos.ORM.csproj", "{2415B0E1-E1D8-4E88-B19A-B30F5443BE33}"
EndProject
Project("{9A19103F-16F7-4668-BE54-9A1E7A4F7556}") = "Dos.ORM.MySql", "Dos.ORM-master\Dos.ORM.Standard\Dos.ORM.MySql\Dos.ORM.MySql.csproj", "{8C4FE422-FDAA-4D90-BF0A-CA41D8C14666}"
EndProject
Project("{FAE04EC0-301F-11D3-BF4B-00C04F79EFBC}") = "Dos.Tool", "Dos.ORM-master\Dos.ORM.Standard\Dos.Tools\Dos.Tool.csproj", "{F073175B-8B7A-4EFB-AD8C-8F8CBB4133A4}"
EndProject
Project("{FAE04EC0-301F-11D3-BF4B-00C04F79EFBC}") = "FromTest", "Dos.ORM-master\Dos.ORM.Standard\FromTest\FromTest.csproj", "{498ED9EF-9287-4785-91BB-B6370231919A}"
EndProject
Project("{2150E333-8FDC-42A3-9474-1A3956D46DE8}") = "Util.Common", "Util.Common", "{EF15B3DF-26DB-48CF-B1D6-962AAAEF3344}"
EndProject
Project("{FAE04EC0-301F-11D3-BF4B-00C04F79EFBC}") = "DTcms.Common", "HANGE.Common\DTcms.Common.csproj", "{408686E7-0249-4899-85E0-77ACA8F9F07F}"
EndProject
Project("{FAE04EC0-301F-11D3-BF4B-00C04F79EFBC}") = "HANGE.Media.Henum", "HANGE.Media.Henum\HANGE.Media.Henum.csproj", "{31309CAD-0169-491E-AC7A-DAEA0B56427B}"
EndProject
Project("{2150E333-8FDC-42A3-9474-1A3956D46DE8}") = "HANGE.UI", "HANGE.UI", "{C7A24916-D2FE-4777-85FD-EA71B15B9C6A}"
EndProject
Project("{FAE04EC0-301F-11D3-BF4B-00C04F79EFBC}") = "EASkins", "HANGE.UI\EASkins\EASkins.csproj", "{42E7AE2F-91E7-4031-BAB5-7E74373B1D11}"
EndProject
Project("{FAE04EC0-301F-11D3-BF4B-00C04F79EFBC}") = "EAStyles", "HANGE.UI\EAStyles\EAStyles.csproj", "{8F778F88-6758-45BE-B79B-AEC5844B3E80}"
EndProject
Project("{FAE04EC0-301F-11D3-BF4B-00C04F79EFBC}") = "HANGE.Media.Form", "HANGE.UI\HANGE.Media.Form\HANGE.Media.Form.csproj", "{47409AA5-62AE-4189-8E83-C471502DF5E9}"
EndProject
Project("{2150E333-8FDC-42A3-9474-1A3956D46DE8}") = "HANGE.EF", "HANGE.EF", "{69805F7F-B91C-4FFD-A15C-205F06F5F957}"
EndProject
Project("{FAE04EC0-301F-11D3-BF4B-00C04F79EFBC}") = "HANGE.Media.Entity", "HANGE.Media.Entity\HANGE.Media.Entity.csproj", "{09BA0711-9845-4783-B555-A2C030EEA8E4}"
EndProject
Project("{FAE04EC0-301F-11D3-BF4B-00C04F79EFBC}") = "HANGE.Media.Mysql", "HANGE.Media.Mysql\HANGE.Media.Mysql.csproj", "{05560DF4-F3B0-4A8F-9C7A-E252F6F9D9AC}"
EndProject
Project("{FAE04EC0-301F-11D3-BF4B-00C04F79EFBC}") = "HANGE.Media.FTP", "HANGE.Media.FTP\HANGE.Media.FTP.csproj", "{0D3B77BF-7F8E-4212-A0B8-A4DCF9D5538E}"
EndProject
Global
	GlobalSection(SolutionConfigurationPlatforms) = preSolution
		Debug|Any CPU = Debug|Any CPU
		Release|Any CPU = Release|Any CPU
	EndGlobalSection
	GlobalSection(ProjectConfigurationPlatforms) = postSolution
		{4388D4A4-A9CB-4BAC-B723-9826F473D4D0}.Debug|Any CPU.ActiveCfg = Debug|Any CPU
		{4388D4A4-A9CB-4BAC-B723-9826F473D4D0}.Debug|Any CPU.Build.0 = Debug|Any CPU
		{4388D4A4-A9CB-4BAC-B723-9826F473D4D0}.Release|Any CPU.ActiveCfg = Release|Any CPU
		{4388D4A4-A9CB-4BAC-B723-9826F473D4D0}.Release|Any CPU.Build.0 = Release|Any CPU
		{2415B0E1-E1D8-4E88-B19A-B30F5443BE33}.Debug|Any CPU.ActiveCfg = Debug|Any CPU
		{2415B0E1-E1D8-4E88-B19A-B30F5443BE33}.Debug|Any CPU.Build.0 = Debug|Any CPU
		{2415B0E1-E1D8-4E88-B19A-B30F5443BE33}.Release|Any CPU.ActiveCfg = Release|Any CPU
		{2415B0E1-E1D8-4E88-B19A-B30F5443BE33}.Release|Any CPU.Build.0 = Release|Any CPU
		{8C4FE422-FDAA-4D90-BF0A-CA41D8C14666}.Debug|Any CPU.ActiveCfg = Debug|Any CPU
		{8C4FE422-FDAA-4D90-BF0A-CA41D8C14666}.Debug|Any CPU.Build.0 = Debug|Any CPU
		{8C4FE422-FDAA-4D90-BF0A-CA41D8C14666}.Release|Any CPU.ActiveCfg = Release|Any CPU
		{8C4FE422-FDAA-4D90-BF0A-CA41D8C14666}.Release|Any CPU.Build.0 = Release|Any CPU
		{F073175B-8B7A-4EFB-AD8C-8F8CBB4133A4}.Debug|Any CPU.ActiveCfg = Debug|Any CPU
		{F073175B-8B7A-4EFB-AD8C-8F8CBB4133A4}.Debug|Any CPU.Build.0 = Debug|Any CPU
		{F073175B-8B7A-4EFB-AD8C-8F8CBB4133A4}.Release|Any CPU.ActiveCfg = Release|Any CPU
		{F073175B-8B7A-4EFB-AD8C-8F8CBB4133A4}.Release|Any CPU.Build.0 = Release|Any CPU
		{498ED9EF-9287-4785-91BB-B6370231919A}.Debug|Any CPU.ActiveCfg = Debug|Any CPU
		{498ED9EF-9287-4785-91BB-B6370231919A}.Debug|Any CPU.Build.0 = Debug|Any CPU
		{498ED9EF-9287-4785-91BB-B6370231919A}.Release|Any CPU.ActiveCfg = Release|Any CPU
		{498ED9EF-9287-4785-91BB-B6370231919A}.Release|Any CPU.Build.0 = Release|Any CPU
		{408686E7-0249-4899-85E0-77ACA8F9F07F}.Debug|Any CPU.ActiveCfg = Debug|Any CPU
		{408686E7-0249-4899-85E0-77ACA8F9F07F}.Debug|Any CPU.Build.0 = Debug|Any CPU
		{408686E7-0249-4899-85E0-77ACA8F9F07F}.Release|Any CPU.ActiveCfg = Release|Any CPU
		{408686E7-0249-4899-85E0-77ACA8F9F07F}.Release|Any CPU.Build.0 = Release|Any CPU
		{31309CAD-0169-491E-AC7A-DAEA0B56427B}.Debug|Any CPU.ActiveCfg = Debug|Any CPU
		{31309CAD-0169-491E-AC7A-DAEA0B56427B}.Debug|Any CPU.Build.0 = Debug|Any CPU
		{31309CAD-0169-491E-AC7A-DAEA0B56427B}.Release|Any CPU.ActiveCfg = Release|Any CPU
		{31309CAD-0169-491E-AC7A-DAEA0B56427B}.Release|Any CPU.Build.0 = Release|Any CPU
		{42E7AE2F-91E7-4031-BAB5-7E74373B1D11}.Debug|Any CPU.ActiveCfg = Debug|Any CPU
		{42E7AE2F-91E7-4031-BAB5-7E74373B1D11}.Debug|Any CPU.Build.0 = Debug|Any CPU
		{42E7AE2F-91E7-4031-BAB5-7E74373B1D11}.Release|Any CPU.ActiveCfg = Release|Any CPU
		{42E7AE2F-91E7-4031-BAB5-7E74373B1D11}.Release|Any CPU.Build.0 = Release|Any CPU
		{8F778F88-6758-45BE-B79B-AEC5844B3E80}.Debug|Any CPU.ActiveCfg = Debug|Any CPU
		{8F778F88-6758-45BE-B79B-AEC5844B3E80}.Debug|Any CPU.Build.0 = Debug|Any CPU
		{8F778F88-6758-45BE-B79B-AEC5844B3E80}.Release|Any CPU.ActiveCfg = Release|Any CPU
		{8F778F88-6758-45BE-B79B-AEC5844B3E80}.Release|Any CPU.Build.0 = Release|Any CPU
		{47409AA5-62AE-4189-8E83-C471502DF5E9}.Debug|Any CPU.ActiveCfg = Debug|Any CPU
		{47409AA5-62AE-4189-8E83-C471502DF5E9}.Debug|Any CPU.Build.0 = Debug|Any CPU
		{47409AA5-62AE-4189-8E83-C471502DF5E9}.Release|Any CPU.ActiveCfg = Release|Any CPU
		{47409AA5-62AE-4189-8E83-C471502DF5E9}.Release|Any CPU.Build.0 = Release|Any CPU
		{09BA0711-9845-4783-B555-A2C030EEA8E4}.Debug|Any CPU.ActiveCfg = Debug|Any CPU
		{09BA0711-9845-4783-B555-A2C030EEA8E4}.Debug|Any CPU.Build.0 = Debug|Any CPU
		{09BA0711-9845-4783-B555-A2C030EEA8E4}.Release|Any CPU.ActiveCfg = Release|Any CPU
		{09BA0711-9845-4783-B555-A2C030EEA8E4}.Release|Any CPU.Build.0 = Release|Any CPU
		{05560DF4-F3B0-4A8F-9C7A-E252F6F9D9AC}.Debug|Any CPU.ActiveCfg = Debug|Any CPU
		{05560DF4-F3B0-4A8F-9C7A-E252F6F9D9AC}.Debug|Any CPU.Build.0 = Debug|Any CPU
		{05560DF4-F3B0-4A8F-9C7A-E252F6F9D9AC}.Release|Any CPU.ActiveCfg = Release|Any CPU
		{05560DF4-F3B0-4A8F-9C7A-E252F6F9D9AC}.Release|Any CPU.Build.0 = Release|Any CPU
		{0D3B77BF-7F8E-4212-A0B8-A4DCF9D5538E}.Debug|Any CPU.ActiveCfg = Debug|Any CPU
		{0D3B77BF-7F8E-4212-A0B8-A4DCF9D5538E}.Debug|Any CPU.Build.0 = Debug|Any CPU
		{0D3B77BF-7F8E-4212-A0B8-A4DCF9D5538E}.Release|Any CPU.ActiveCfg = Release|Any CPU
		{0D3B77BF-7F8E-4212-A0B8-A4DCF9D5538E}.Release|Any CPU.Build.0 = Release|Any CPU
	EndGlobalSection
	GlobalSection(SolutionProperties) = preSolution
		HideSolutionNode = FALSE
	EndGlobalSection
	GlobalSection(NestedProjects) = preSolution
		{2415B0E1-E1D8-4E88-B19A-B30F5443BE33} = {5505134F-6BAE-4342-A133-FB89F5990338}
		{8C4FE422-FDAA-4D90-BF0A-CA41D8C14666} = {5505134F-6BAE-4342-A133-FB89F5990338}
		{F073175B-8B7A-4EFB-AD8C-8F8CBB4133A4} = {5505134F-6BAE-4342-A133-FB89F5990338}
		{498ED9EF-9287-4785-91BB-B6370231919A} = {5505134F-6BAE-4342-A133-FB89F5990338}
		{408686E7-0249-4899-85E0-77ACA8F9F07F} = {EF15B3DF-26DB-48CF-B1D6-962AAAEF3344}
		{31309CAD-0169-491E-AC7A-DAEA0B56427B} = {EF15B3DF-26DB-48CF-B1D6-962AAAEF3344}
		{42E7AE2F-91E7-4031-BAB5-7E74373B1D11} = {C7A24916-D2FE-4777-85FD-EA71B15B9C6A}
		{8F778F88-6758-45BE-B79B-AEC5844B3E80} = {C7A24916-D2FE-4777-85FD-EA71B15B9C6A}
		{09BA0711-9845-4783-B555-A2C030EEA8E4} = {69805F7F-B91C-4FFD-A15C-205F06F5F957}
		{05560DF4-F3B0-4A8F-9C7A-E252F6F9D9AC} = {69805F7F-B91C-4FFD-A15C-205F06F5F957}
		{0D3B77BF-7F8E-4212-A0B8-A4DCF9D5538E} = {EF15B3DF-26DB-48CF-B1D6-962AAAEF3344}
	EndGlobalSection
	GlobalSection(ExtensibilityGlobals) = postSolution
		SolutionGuid = {2DCB5D28-C378-4FF1-97BB-81F3A451DC3A}
	EndGlobalSection
EndGlobal
